<Solution>
  <Folder Name="/Task0/">
    <Project Path="Tyuiu.ZipunovIM.Sprint1.Task0.V10.Lib/Tyuiu.ZipunovIM.Sprint1.Task0.V10.Lib.csproj" />
    <Project Path="Tyuiu.ZipunovIM.Sprint1.Task0.V10.Test/Tyuiu.ZipunovIM.Sprint1.Task0.V10.Test.csproj" />
    <Project Path="Tyuiu.ZipunovIM.Sprint1.Task0.V10/Tyuiu.ZipunovIM.Sprint1.Task0.V10.csproj" />
  </Folder>
  <Folder Name="/Task1/">
    <Project Path="Tyuiu.ZipunovIM.Sprint1.Task1.V4.Lib/Tyuiu.ZipunovIM.Sprint1.Task1.V4.Lib.csproj" Id="5c08ad65-9ee7-46fc-8385-05735f2f2e2d" />
    <Project Path="Tyuiu.ZipunovIM.Sprint1.Task1.V4.Test/Tyuiu.ZipunovIM.Sprint1.Task1.V4.Test.csproj" Id="35e500a0-33b7-44fb-a379-637802f8b839" />
    <Project Path="Tyuiu.ZipunovIM.Sprint1.Task1.V4/Tyuiu.ZipunovIM.Sprint1.Task1.V4.csproj" Id="0d652cbf-0dca-45c0-bf7d-347dc65ffb2a" />
  </Folder>
  <Folder Name="/Task2/">
    <Project Path="Tyuiu.ZipunovIM.Sprint1.Task2.V1.Lib/Tyuiu.ZipunovIM.Sprint1.Task2.V1.Lib.csproj" Id="bf22a72e-2bbf-4e15-ae3a-edb244d71c28" />
    <Project Path="Tyuiu.ZipunovIM.Sprint1.Task2.V1.Test/Tyuiu.ZipunovIM.Sprint1.Task2.V1.Test.csproj" Id="8a5d3f65-bdbd-42a7-b46b-3ba3f0132401" />
    <Project Path="Tyuiu.ZipunovIM.Sprint1.Task2.V1/Tyuiu.ZipunovIM.Sprint1.Task2.V1.csproj" Id="ecfe64d7-1464-4c75-8820-be7768db5148" />
  </Folder>
  <Folder Name="/Task3/">
    <Project Path="Tyuiu.ZipunovIM.Sprint1.Task3.V12,Lib/Tyuiu.ZipunovIM.Sprint1.Task3.V12.Lib.csproj" Id="71b29395-1693-4d24-a10c-403d554e044d" />
    <Project Path="Tyuiu.ZipunovIM.Sprint1.Task3.V12.Test/Tyuiu.ZipunovIM.Sprint1.Task3.V12.Test.csproj" Id="28927613-9032-40a8-9dd9-eb216481fa3f" />
    <Project Path="Tyuiu.ZipunovIM.Sprint1.Task3.V12/Tyuiu.ZipunovIM.Sprint1.Task3.V12.csproj" Id="ae5a6775-96ec-403a-a9f6-5fb6f3f5c352" />
  </Folder>
</Solution>
